
Microsoft Visual Studio Solution File, Format Version 12.00
# Visual Studio Version 17
VisualStudioVersion = 17.4.33205.214
MinimumVisualStudioVersion = 10.0.40219.1
Project("{9A19103F-16F7-4668-BE54-9A1E7A4F7556}") = "DatabaseContext", "DatabaseContext\DatabaseContext.csproj", "{1A4FAEE6-C44B-4360-A600-A802C3B7FD2C}"
EndProject
Project("{9A19103F-16F7-4668-BE54-9A1E7A4F7556}") = "Web", "Web\Web.csproj", "{473CE223-9E51-42C1-B619-8DCC0B080B9A}"
EndProject
Global
	GlobalSection(SolutionConfigurationPlatforms) = preSolution
		Debug|Any CPU = Debug|Any CPU
		Release|Any CPU = Release|Any CPU
	EndGlobalSection
	GlobalSection(ProjectConfigurationPlatforms) = postSolution
		{1A4FAEE6-C44B-4360-A600-A802C3B7FD2C}.Debug|Any CPU.ActiveCfg = Debug|Any CPU
		{1A4FAEE6-C44B-4360-A600-A802C3B7FD2C}.Debug|Any CPU.Build.0 = Debug|Any CPU
		{1A4FAEE6-C44B-4360-A600-A802C3B7FD2C}.Release|Any CPU.ActiveCfg = Release|Any CPU
		{1A4FAEE6-C44B-4360-A600-A802C3B7FD2C}.Release|Any CPU.Build.0 = Release|Any CPU
		{473CE223-9E51-42C1-B619-8DCC0B080B9A}.Debug|Any CPU.ActiveCfg = Debug|Any CPU
		{473CE223-9E51-42C1-B619-8DCC0B080B9A}.Debug|Any CPU.Build.0 = Debug|Any CPU
		{473CE223-9E51-42C1-B619-8DCC0B080B9A}.Release|Any CPU.ActiveCfg = Release|Any CPU
		{473CE223-9E51-42C1-B619-8DCC0B080B9A}.Release|Any CPU.Build.0 = Release|Any CPU
	EndGlobalSection
	GlobalSection(SolutionProperties) = preSolution
		HideSolutionNode = FALSE
	EndGlobalSection
	GlobalSection(ExtensibilityGlobals) = postSolution
		SolutionGuid = {771DE53C-E043-4733-8E40-001FEBA20A44}
	EndGlobalSection
EndGlobal
